
Microsoft Visual Studio Solution File, Format Version 12.00
# Visual Studio Version 16
VisualStudioVersion = 16.0.29230.47
MinimumVisualStudioVersion = 10.0.40219.1
Project("{9A19103F-16F7-4668-BE54-9A1E7A4F7556}") = "CrossLibrary.Core", "CrossLibrary.Core\CrossLibrary.Core.csproj", "{0955EB89-956C-462F-8077-D27CF2858ACD}"
EndProject
Project("{FAE04EC0-301F-11D3-BF4B-00C04F79EFBC}") = "CrossLibrary.Droid", "CrossLibrary.Droid\CrossLibrary.Droid.csproj", "{CC33E7DB-5126-40E6-AE8E-11307EE36A24}"
EndProject
Project("{FAE04EC0-301F-11D3-BF4B-00C04F79EFBC}") = "CrossLibrary.iOS", "CrossLibrary.iOS\CrossLibrary.iOS.csproj", "{2A078BB1-81ED-4FA3-B48F-E2107E67270C}"
EndProject
Global
	GlobalSection(SolutionConfigurationPlatforms) = preSolution
		Debug|Any CPU = Debug|Any CPU
		Release|Any CPU = Release|Any CPU
	EndGlobalSection
	GlobalSection(ProjectConfigurationPlatforms) = postSolution
		{0955EB89-956C-462F-8077-D27CF2858ACD}.Debug|Any CPU.ActiveCfg = Debug|Any CPU
		{0955EB89-956C-462F-8077-D27CF2858ACD}.Debug|Any CPU.Build.0 = Debug|Any CPU
		{0955EB89-956C-462F-8077-D27CF2858ACD}.Release|Any CPU.ActiveCfg = Release|Any CPU
		{0955EB89-956C-462F-8077-D27CF2858ACD}.Release|Any CPU.Build.0 = Release|Any CPU
		{CC33E7DB-5126-40E6-AE8E-11307EE36A24}.Debug|Any CPU.ActiveCfg = Debug|Any CPU
		{CC33E7DB-5126-40E6-AE8E-11307EE36A24}.Debug|Any CPU.Build.0 = Debug|Any CPU
		{CC33E7DB-5126-40E6-AE8E-11307EE36A24}.Release|Any CPU.ActiveCfg = Release|Any CPU
		{CC33E7DB-5126-40E6-AE8E-11307EE36A24}.Release|Any CPU.Build.0 = Release|Any CPU
		{2A078BB1-81ED-4FA3-B48F-E2107E67270C}.Debug|Any CPU.ActiveCfg = Debug|Any CPU
		{2A078BB1-81ED-4FA3-B48F-E2107E67270C}.Debug|Any CPU.Build.0 = Debug|Any CPU
		{2A078BB1-81ED-4FA3-B48F-E2107E67270C}.Release|Any CPU.ActiveCfg = Release|Any CPU
		{2A078BB1-81ED-4FA3-B48F-E2107E67270C}.Release|Any CPU.Build.0 = Release|Any CPU
	EndGlobalSection
	GlobalSection(SolutionProperties) = preSolution
		HideSolutionNode = FALSE
	EndGlobalSection
	GlobalSection(ExtensibilityGlobals) = postSolution
		SolutionGuid = {885EC582-60A4-481A-9A28-DA2C6E5B690A}
	EndGlobalSection
EndGlobal
